
Microsoft Visual Studio Solution File, Format Version 12.00
# Visual Studio Version 17
VisualStudioVersion = 17.4.33403.182
MinimumVisualStudioVersion = 10.0.40219.1
Project("{FAE04EC0-301F-11D3-BF4B-00C04F79EFBC}") = "Unit32.Asp5", "Unit32.Asp5\Unit32.Asp5.csproj", "{744FF427-CE63-4CE2-9B85-4EA2D318439D}"
EndProject
Global
	GlobalSection(SolutionConfigurationPlatforms) = preSolution
		Debug|Any CPU = Debug|Any CPU
		Release|Any CPU = Release|Any CPU
	EndGlobalSection
	GlobalSection(ProjectConfigurationPlatforms) = postSolution
		{744FF427-CE63-4CE2-9B85-4EA2D318439D}.Debug|Any CPU.ActiveCfg = Debug|Any CPU
		{744FF427-CE63-4CE2-9B85-4EA2D318439D}.Debug|Any CPU.Build.0 = Debug|Any CPU
		{744FF427-CE63-4CE2-9B85-4EA2D318439D}.Release|Any CPU.ActiveCfg = Release|Any CPU
		{744FF427-CE63-4CE2-9B85-4EA2D318439D}.Release|Any CPU.Build.0 = Release|Any CPU
	EndGlobalSection
	GlobalSection(SolutionProperties) = preSolution
		HideSolutionNode = FALSE
	EndGlobalSection
	GlobalSection(ExtensibilityGlobals) = postSolution
		SolutionGuid = {302B13A0-3742-40C5-9E56-E8F9F531AC95}
	EndGlobalSection
EndGlobal
